{
  "name": "@hemantxdevs100/common-package",
  "version": "1.0.0",
  "lockfileVersion": 3,
  "requires": true,
  "packages": {
    "": {
      "name": "@hemantxdevs100/common-package",
      "version": "1.0.0",
      "license": "ISC",
      "dependencies": {
        "@hemantxdevs100/common-package": "file:",
        "common": "file:",
        "zod": "^3.23.8"
      }
    },
    "node_modules/@hemantxdevs100/common-package": {
      "resolved": "",
      "link": true
    },
    "node_modules/common": {
      "resolved": "",
      "link": true
    },
    "node_modules/zod": {
      "version": "3.23.8",
      "license": "MIT",
      "funding": {
        "url": "https://github.com/sponsors/colinhacks"
      }
    }
  }
}
